
Microsoft Visual Studio Solution File, Format Version 12.00
# Visual Studio Version 17
VisualStudioVersion = 17.6.33815.320
MinimumVisualStudioVersion = 10.0.40219.1
Project("{FAE04EC0-301F-11D3-BF4B-00C04F79EFBC}") = "PFMdotnet", "PFMdotnet\PFMdotnet.csproj", "{37FAF589-D5FC-4352-BD7D-9B1156C56FFE}"
EndProject
Global
	GlobalSection(SolutionConfigurationPlatforms) = preSolution
		Debug|Any CPU = Debug|Any CPU
		Release|Any CPU = Release|Any CPU
	EndGlobalSection
	GlobalSection(ProjectConfigurationPlatforms) = postSolution
		{37FAF589-D5FC-4352-BD7D-9B1156C56FFE}.Debug|Any CPU.ActiveCfg = Debug|Any CPU
		{37FAF589-D5FC-4352-BD7D-9B1156C56FFE}.Debug|Any CPU.Build.0 = Debug|Any CPU
		{37FAF589-D5FC-4352-BD7D-9B1156C56FFE}.Release|Any CPU.ActiveCfg = Release|Any CPU
		{37FAF589-D5FC-4352-BD7D-9B1156C56FFE}.Release|Any CPU.Build.0 = Release|Any CPU
	EndGlobalSection
	GlobalSection(SolutionProperties) = preSolution
		HideSolutionNode = FALSE
	EndGlobalSection
	GlobalSection(ExtensibilityGlobals) = postSolution
		SolutionGuid = {E419191F-2E16-43E3-8EA4-A541D50B4458}
	EndGlobalSection
EndGlobal
